// !$*UTF8*$!
{
	archiveVersion = 1;
	classes = {
	};
	objectVersion = 48;
	objects = {

/* Begin PBXBuildFile section */
		C37EA662203C49FA00993F13 /* AppDelegate.swift in Sources */ = {isa = PBXBuildFile; fileRef = C37EA661203C49FA00993F13 /* AppDelegate.swift */; };
		C37EA664203C49FA00993F13 /* ViewController.swift in Sources */ = {isa = PBXBuildFile; fileRef = C37EA663203C49FA00993F13 /* ViewController.swift */; };
		C37EA667203C49FA00993F13 /* Main.storyboard in Resources */ = {isa = PBXBuildFile; fileRef = C37EA665203C49FA00993F13 /* Main.storyboard */; };
		C37EA669203C49FA00993F13 /* Assets.xcassets in Resources */ = {isa = PBXBuildFile; fileRef = C37EA668203C49FA00993F13 /* Assets.xcassets */; };
		C37EA66C203C49FA00993F13 /* LaunchScreen.storyboard in Resources */ = {isa = PBXBuildFile; fileRef = C37EA66A203C49FA00993F13 /* LaunchScreen.storyboard */; };
		C37EA677203C49FA00993F13 /* helloTests.swift in Sources */ = {isa = PBXBuildFile; fileRef = C37EA676203C49FA00993F13 /* helloTests.swift */; };
		C37EA682203C49FA00993F13 /* helloUITests.swift in Sources */ = {isa = PBXBuildFile; fileRef = C37EA681203C49FA00993F13 /* helloUITests.swift */; };
/* End PBXBuildFile section */

/* Begin PBXContainerItemProxy section */
		C37EA673203C49FA00993F13 /* PBXContainerItemProxy */ = {
			isa = PBXContainerItemProxy;
			containerPortal = C37EA656203C49F900993F13 /* Project object */;
			proxyType = 1;
			remoteGlobalIDString = C37EA65D203C49FA00993F13;
			remoteInfo = hello;
		};
		C37EA67E203C49FA00993F13 /* PBXContainerItemProxy */ = {
			isa = PBXContainerItemProxy;
			containerPortal = C37EA656203C49F900993F13 /* Project object */;
			proxyType = 1;
			remoteGlobalIDString = C37EA65D203C49FA00993F13;
			remoteInfo = hello;
		};
/* End PBXContainerItemProxy section */

/* Begin PBXFileReference section */
		C37EA65E203C49FA00993F13 /* hello.app */ = {isa = PBXFileReference; explicitFileType = wrapper.application; includeInIndex = 0; path = hello.app; sourceTree = BUILT_PRODUCTS_DIR; };
		C37EA661203C49FA00993F13 /* AppDelegate.swift */ = {isa = PBXFileReference; lastKnownFileType = sourcecode.swift; path = AppDelegate.swift; sourceTree = "<group>"; };
		C37EA663203C49FA00993F13 /* ViewController.swift */ = {isa = PBXFileReference; lastKnownFileType = sourcecode.swift; path = ViewController.swift; sourceTree = "<group>"; };
		C37EA666203C49FA00993F13 /* Base */ = {isa = PBXFileReference; lastKnownFileType = file.storyboard; name = Base; path = Base.lproj/Main.storyboard; sourceTree = "<group>"; };
		C37EA668203C49FA00993F13 /* Assets.xcassets */ = {isa = PBXFileReference; lastKnownFileType = folder.assetcatalog; path = Assets.xcassets; sourceTree = "<group>"; };
		C37EA66B203C49FA00993F13 /* Base */ = {isa = PBXFileReference; lastKnownFileType = file.storyboard; name = Base; path = Base.lproj/LaunchScreen.storyboard; sourceTree = "<group>"; };
		C37EA66D203C49FA00993F13 /* Info.plist */ = {isa = PBXFileReference; lastKnownFileType = text.plist.xml; path = Info.plist; sourceTree = "<group>"; };
		C37EA672203C49FA00993F13 /* helloTests.xctest */ = {isa = PBXFileReference; explicitFileType = wrapper.cfbundle; includeInIndex = 0; path = helloTests.xctest; sourceTree = BUILT_PRODUCTS_DIR; };
		C37EA676203C49FA00993F13 /* helloTests.swift */ = {isa = PBXFileReference; lastKnownFileType = sourcecode.swift; path = helloTests.swift; sourceTree = "<group>"; };
		C37EA678203C49FA00993F13 /* Info.plist */ = {isa = PBXFileReference; lastKnownFileType = text.plist.xml; path = Info.plist; sourceTree = "<group>"; };
		C37EA67D203C49FA00993F13 /* helloUITests.xctest */ = {isa = PBXFileReference; explicitFileType = wrapper.cfbundle; includeInIndex = 0; path = helloUITests.xctest; sourceTree = BUILT_PRODUCTS_DIR; };
		C37EA681203C49FA00993F13 /* helloUITests.swift */ = {isa = PBXFileReference; lastKnownFileType = sourcecode.swift; path = helloUITests.swift; sourceTree = "<group>"; };
		C37EA683203C49FA00993F13 /* Info.plist */ = {isa = PBXFileReference; lastKnownFileType = text.plist.xml; path = Info.plist; sourceTree = "<group>"; };
/* End PBXFileReference section */

/* Begin PBXFrameworksBuildPhase section */
		C37EA65B203C49FA00993F13 /* Frameworks */ = {
			isa = PBXFrameworksBuildPhase;
			buildActionMask = 2147483647;
			files = (
			);
			runOnlyForDeploymentPostprocessing = 0;
		};
		C37EA66F203C49FA00993F13 /* Frameworks */ = {
			isa = PBXFrameworksBuildPhase;
			buildActionMask = 2147483647;
			files = (
			);
			runOnlyForDeploymentPostprocessing = 0;
		};
		C37EA67A203C49FA00993F13 /* Frameworks */ = {
			isa = PBXFrameworksBuildPhase;
			buildActionMask = 2147483647;
			files = (
			);
			runOnlyForDeploymentPostprocessing = 0;
		};
/* End PBXFrameworksBuildPhase section */

/* Begin PBXGroup section */
		C37EA655203C49F900993F13 = {
			isa = PBXGroup;
			children = (
				C37EA660203C49FA00993F13 /* hello */,
				C37EA675203C49FA00993F13 /* helloTests */,
				C37EA680203C49FA00993F13 /* helloUITests */,
				C37EA65F203C49FA00993F13 /* Products */,
			);
			sourceTree = "<group>";
		};
		C37EA65F203C49FA00993F13 /* Products */ = {
			isa = PBXGroup;
			children = (
				C37EA65E203C49FA00993F13 /* hello.app */,
				C37EA672203C49FA00993F13 /* helloTests.xctest */,
				C37EA67D203C49FA00993F13 /* helloUITests.xctest */,
			);
			name = Products;
			sourceTree = "<group>";
		};
		C37EA660203C49FA00993F13 /* hello */ = {
			isa = PBXGroup;
			children = (
				C37EA661203C49FA00993F13 /* AppDelegate.swift */,
				C37EA663203C49FA00993F13 /* ViewController.swift */,
				C37EA665203C49FA00993F13 /* Main.storyboard */,
				C37EA668203C49FA00993F13 /* Assets.xcassets */,
				C37EA66A203C49FA00993F13 /* LaunchScreen.storyboard */,
				C37EA66D203C49FA00993F13 /* Info.plist */,
			);
			path = hello;
			sourceTree = "<group>";
		};
		C37EA675203C49FA00993F13 /* helloTests */ = {
			isa = PBXGroup;
			children = (
				C37EA676203C49FA00993F13 /* helloTests.swift */,
				C37EA678203C49FA00993F13 /* Info.plist */,
			);
			path = helloTests;
			sourceTree = "<group>";
		};
		C37EA680203C49FA00993F13 /* helloUITests */ = {
			isa = PBXGroup;
			children = (
				C37EA681203C49FA00993F13 /* helloUITests.swift */,
				C37EA683203C49FA00993F13 /* Info.plist */,
			);
			path = helloUITests;
			sourceTree = "<group>";
		};
/* End PBXGroup section */

/* Begin PBXNativeTarget section */
		C37EA65D203C49FA00993F13 /* hello */ = {
			isa = PBXNativeTarget;
			buildConfigurationList = C37EA686203C49FA00993F13 /* Build configuration list for PBXNativeTarget "hello" */;
			buildPhases = (
				C37EA65A203C49FA00993F13 /* Sources */,
				C37EA65B203C49FA00993F13 /* Frameworks */,
				C37EA65C203C49FA00993F13 /* Resources */,
			);
			buildRules = (
			);
			dependencies = (
			);
			name = hello;
			productName = hello;
			productReference = C37EA65E203C49FA00993F13 /* hello.app */;
			productType = "com.apple.product-type.application";
		};
		C37EA671203C49FA00993F13 /* helloTests */ = {
			isa = PBXNativeTarget;
			buildConfigurationList = C37EA689203C49FA00993F13 /* Build configuration list for PBXNativeTarget "helloTests" */;
			buildPhases = (
				C37EA66E203C49FA00993F13 /* Sources */,
				C37EA66F203C49FA00993F13 /* Frameworks */,
				C37EA670203C49FA00993F13 /* Resources */,
			);
			buildRules = (
			);
			dependencies = (
				C37EA674203C49FA00993F13 /* PBXTargetDependency */,
			);
			name = helloTests;
			productName = helloTests;
			productReference = C37EA672203C49FA00993F13 /* helloTests.xctest */;
			productType = "com.apple.product-type.bundle.unit-test";
		};
		C37EA67C203C49FA00993F13 /* helloUITests */ = {
			isa = PBXNativeTarget;
			buildConfigurationList = C37EA68C203C49FA00993F13 /* Build configuration list for PBXNativeTarget "helloUITests" */;
			buildPhases = (
				C37EA679203C49FA00993F13 /* Sources */,
				C37EA67A203C49FA00993F13 /* Frameworks */,
				C37EA67B203C49FA00993F13 /* Resources */,
			);
			buildRules = (
			);
			dependencies = (
				C37EA67F203C49FA00993F13 /* PBXTargetDependency */,
			);
			name = helloUITests;
			productName = helloUITests;
			productReference = C37EA67D203C49FA00993F13 /* helloUITests.xctest */;
			productType = "com.apple.product-type.bundle.ui-testing";
		};
/* End PBXNativeTarget section */

/* Begin PBXProject section */
		C37EA656203C49F900993F13 /* Project object */ = {
			isa = PBXProject;
			attributes = {
				LastSwiftUpdateCheck = 0920;
				LastUpgradeCheck = 0920;
				ORGANIZATIONNAME = "雷小园";
				TargetAttributes = {
					C37EA65D203C49FA00993F13 = {
						CreatedOnToolsVersion = 9.2;
						ProvisioningStyle = Automatic;
					};
					C37EA671203C49FA00993F13 = {
						CreatedOnToolsVersion = 9.2;
						ProvisioningStyle = Automatic;
						TestTargetID = C37EA65D203C49FA00993F13;
					};
					C37EA67C203C49FA00993F13 = {
						CreatedOnToolsVersion = 9.2;
						ProvisioningStyle = Automatic;
						TestTargetID = C37EA65D203C49FA00993F13;
					};
				};
			};
			buildConfigurationList = C37EA659203C49F900993F13 /* Build configuration list for PBXProject "hello" */;
			compatibilityVersion = "Xcode 8.0";
			developmentRegion = en;
			hasScannedForEncodings = 0;
			knownRegions = (
				en,
				Base,
			);
			mainGroup = C37EA655203C49F900993F13;
			productRefGroup = C37EA65F203C49FA00993F13 /* Products */;
			projectDirPath = "";
			projectRoot = "";
			targets = (
				C37EA65D203C49FA00993F13 /* hello */,
				C37EA671203C49FA00993F13 /* helloTests */,
				C37EA67C203C49FA00993F13 /* helloUITests */,
			);
		};
/* End PBXProject section */

/* Begin PBXResourcesBuildPhase section */
		C37EA65C203C49FA00993F13 /* Resources */ = {
			isa = PBXResourcesBuildPhase;
			buildActionMask = 2147483647;
			files = (
				C37EA66C203C49FA00993F13 /* LaunchScreen.storyboard in Resources */,
				C37EA669203C49FA00993F13 /* Assets.xcassets in Resources */,
				C37EA667203C49FA00993F13 /* Main.storyboard in Resources */,
			);
			runOnlyForDeploymentPostprocessing = 0;
		};
		C37EA670203C49FA00993F13 /* Resources */ = {
			isa = PBXResourcesBuildPhase;
			buildActionMask = 2147483647;
			files = (
			);
			runOnlyForDeploymentPostprocessing = 0;
		};
		C37EA67B203C49FA00993F13 /* Resources */ = {
			isa = PBXResourcesBuildPhase;
			buildActionMask = 2147483647;
			files = (
			);
			runOnlyForDeploymentPostprocessing = 0;
		};
/* End PBXResourcesBuildPhase section */

/* Begin PBXSourcesBuildPhase section */
		C37EA65A203C49FA00993F13 /* Sources */ = {
			isa = PBXSourcesBuildPhase;
			buildActionMask = 2147483647;
			files = (
				C37EA664203C49FA00993F13 /* ViewController.swift in Sources */,
				C37EA662203C49FA00993F13 /* AppDelegate.swift in Sources */,
			);
			runOnlyForDeploymentPostprocessing = 0;
		};
		C37EA66E203C49FA00993F13 /* Sources */ = {
			isa = PBXSourcesBuildPhase;
			buildActionMask = 2147483647;
			files = (
				C37EA677203C49FA00993F13 /* helloTests.swift in Sources */,
			);
			runOnlyForDeploymentPostprocessing = 0;
		};
		C37EA679203C49FA00993F13 /* Sources */ = {
			isa = PBXSourcesBuildPhase;
			buildActionMask = 2147483647;
			files = (
				C37EA682203C49FA00993F13 /* helloUITests.swift in Sources */,
			);
			runOnlyForDeploymentPostprocessing = 0;
		};
/* End PBXSourcesBuildPhase section */

/* Begin PBXTargetDependency section */
		C37EA674203C49FA00993F13 /* PBXTargetDependency */ = {
			isa = PBXTargetDependency;
			target = C37EA65D203C49FA00993F13 /* hello */;
			targetProxy = C37EA673203C49FA00993F13 /* PBXContainerItemProxy */;
		};
		C37EA67F203C49FA00993F13 /* PBXTargetDependency */ = {
			isa = PBXTargetDependency;
			target = C37EA65D203C49FA00993F13 /* hello */;
			targetProxy = C37EA67E203C49FA00993F13 /* PBXContainerItemProxy */;
		};
/* End PBXTargetDependency section */

/* Begin PBXVariantGroup section */
		C37EA665203C49FA00993F13 /* Main.storyboard */ = {
			isa = PBXVariantGroup;
			children = (
				C37EA666203C49FA00993F13 /* Base */,
			);
			name = Main.storyboard;
			sourceTree = "<group>";
		};
		C37EA66A203C49FA00993F13 /* LaunchScreen.storyboard */ = {
			isa = PBXVariantGroup;
			children = (
				C37EA66B203C49FA00993F13 /* Base */,
			);
			name = LaunchScreen.storyboard;
			sourceTree = "<group>";
		};
/* End PBXVariantGroup section */

/* Begin XCBuildConfiguration section */
		C37EA684203C49FA00993F13 /* Debug */ = {
			isa = XCBuildConfiguration;
			buildSettings = {
				ALWAYS_SEARCH_USER_PATHS = NO;
				CLANG_ANALYZER_NONNULL = YES;
				CLANG_ANALYZER_NUMBER_OBJECT_CONVERSION = YES_AGGRESSIVE;
				CLANG_CXX_LANGUAGE_STANDARD = "gnu++14";
				CLANG_CXX_LIBRARY = "libc++";
				CLANG_ENABLE_MODULES = YES;
				CLANG_ENABLE_OBJC_ARC = YES;
				CLANG_WARN_BLOCK_CAPTURE_AUTORELEASING = YES;
				CLANG_WARN_BOOL_CONVERSION = YES;
				CLANG_WARN_COMMA = YES;
				CLANG_WARN_CONSTANT_CONVERSION = YES;
				CLANG_WARN_DIRECT_OBJC_ISA_USAGE = YES_ERROR;
				CLANG_WARN_DOCUMENTATION_COMMENTS = YES;
				CLANG_WARN_EMPTY_BODY = YES;
				CLANG_WARN_ENUM_CONVERSION = YES;
				CLANG_WARN_INFINITE_RECURSION = YES;
				CLANG_WARN_INT_CONVERSION = YES;
				CLANG_WARN_NON_LITERAL_NULL_CONVERSION = YES;
				CLANG_WARN_OBJC_LITERAL_CONVERSION = YES;
				CLANG_WARN_OBJC_ROOT_CLASS = YES_ERROR;
				CLANG_WARN_RANGE_LOOP_ANALYSIS = YES;
				CLANG_WARN_STRICT_PROTOTYPES = YES;
				CLANG_WARN_SUSPICIOUS_MOVE = YES;
				CLANG_WARN_UNGUARDED_AVAILABILITY = YES_AGGRESSIVE;
				CLANG_WARN_UNREACHABLE_CODE = YES;
				CLANG_WARN__DUPLICATE_METHOD_MATCH = YES;
				CODE_SIGN_IDENTITY = "iPhone Developer";
				COPY_PHASE_STRIP = NO;
				DEBUG_INFORMATION_FORMAT = dwarf;
				ENABLE_STRICT_OBJC_MSGSEND = YES;
				ENABLE_TESTABILITY = YES;
				GCC_C_LANGUAGE_STANDARD = gnu11;
				GCC_DYNAMIC_NO_PIC = NO;
				GCC_NO_COMMON_BLOCKS = YES;
				GCC_OPTIMIZATION_LEVEL = 0;
				GCC_PREPROCESSOR_DEFINITIONS = (
					"DEBUG=1",
					"$(inherited)",
				);
				GCC_WARN_64_TO_32_BIT_CONVERSION = YES;
				GCC_WARN_ABOUT_RETURN_TYPE = YES_ERROR;
				GCC_WARN_UNDECLARED_SELECTOR = YES;
				GCC_WARN_UNINITIALIZED_AUTOS = YES_AGGRESSIVE;
				GCC_WARN_UNUSED_FUNCTION = YES;
				GCC_WARN_UNUSED_VARIABLE = YES;
				IPHONEOS_DEPLOYMENT_TARGET = 11.2;
				MTL_ENABLE_DEBUG_INFO = YES;
				ONLY_ACTIVE_ARCH = YES;
				SDKROOT = iphoneos;
				SWIFT_ACTIVE_COMPILATION_CONDITIONS = DEBUG;
				SWIFT_OPTIMIZATION_LEVEL = "-Onone";
			};
			name = Debug;
		};
		C37EA685203C49FA00993F13 /* Release */ = {
			isa = XCBuildConfiguration;
			buildSettings = {
				ALWAYS_SEARCH_USER_PATHS = NO;
				CLANG_ANALYZER_NONNULL = YES;
				CLANG_ANALYZER_NUMBER_OBJECT_CONVERSION = YES_AGGRESSIVE;
				CLANG_CXX_LANGUAGE_STANDARD = "gnu++14";
				CLANG_CXX_LIBRARY = "libc++";
				CLANG_ENABLE_MODULES = YES;
				CLANG_ENABLE_OBJC_ARC = YES;
				CLANG_WARN_BLOCK_CAPTURE_AUTORELEASING = YES;
				CLANG_WARN_BOOL_CONVERSION = YES;
				CLANG_WARN_COMMA = YES;
				CLANG_WARN_CONSTANT_CONVERSION = YES;
				CLANG_WARN_DIRECT_OBJC_ISA_USAGE = YES_ERROR;
				CLANG_WARN_DOCUMENTATION_COMMENTS = YES;
				CLANG_WARN_EMPTY_BODY = YES;
				CLANG_WARN_ENUM_CONVERSION = YES;
				CLANG_WARN_INFINITE_RECURSION = YES;
				CLANG_WARN_INT_CONVERSION = YES;
				CLANG_WARN_NON_LITERAL_NULL_CONVERSION = YES;
				CLANG_WARN_OBJC_LITERAL_CONVERSION = YES;
				CLANG_WARN_OBJC_ROOT_CLASS = YES_ERROR;
				CLANG_WARN_RANGE_LOOP_ANALYSIS = YES;
				CLANG_WARN_STRICT_PROTOTYPES = YES;
				CLANG_WARN_SUSPICIOUS_MOVE = YES;
				CLANG_WARN_UNGUARDED_AVAILABILITY = YES_AGGRESSIVE;
				CLANG_WARN_UNREACHABLE_CODE = YES;
				CLANG_WARN__DUPLICATE_METHOD_MATCH = YES;
				CODE_SIGN_IDENTITY = "iPhone Developer";
				COPY_PHASE_STRIP = NO;
				DEBUG_INFORMATION_FORMAT = "dwarf-with-dsym";
				ENABLE_NS_ASSERTIONS = NO;
				ENABLE_STRICT_OBJC_MSGSEND = YES;
				GCC_C_LANGUAGE_STANDARD = gnu11;
				GCC_NO_COMMON_BLOCKS = YES;
				GCC_WARN_64_TO_32_BIT_CONVERSION = YES;
				GCC_WARN_ABOUT_RETURN_TYPE = YES_ERROR;
				GCC_WARN_UNDECLARED_SELECTOR = YES;
				GCC_WARN_UNINITIALIZED_AUTOS = YES_AGGRESSIVE;
				GCC_WARN_UNUSED_FUNCTION = YES;
				GCC_WARN_UNUSED_VARIABLE = YES;
				IPHONEOS_DEPLOYMENT_TARGET = 11.2;
				MTL_ENABLE_DEBUG_INFO = NO;
				SDKROOT = iphoneos;
				SWIFT_OPTIMIZATION_LEVEL = "-Owholemodule";
				VALIDATE_PRODUCT = YES;
			};
			name = Release;
		};
		C37EA687203C49FA00993F13 /* Debug */ = {
			isa = XCBuildConfiguration;
			buildSettings = {
				ASSETCATALOG_COMPILER_APPICON_NAME = AppIcon;
				CODE_SIGN_STYLE = Automatic;
				DEVELOPMENT_TEAM = 5PL9SV49SH;
				INFOPLIST_FILE = hello/Info.plist;
				LD_RUNPATH_SEARCH_PATHS = "$(inherited) @executable_path/Frameworks";
				PRODUCT_BUNDLE_IDENTIFIER = com.leixiaoyuan.hello;
				PRODUCT_NAME = "$(TARGET_NAME)";
				SWIFT_VERSION = 4.0;
				TARGETED_DEVICE_FAMILY = "1,2";
			};
			name = Debug;
		};
		C37EA688203C49FA00993F13 /* Release */ = {
			isa = XCBuildConfiguration;
			buildSettings = {
				ASSETCATALOG_COMPILER_APPICON_NAME = AppIcon;
				CODE_SIGN_STYLE = Automatic;
				DEVELOPMENT_TEAM = 5PL9SV49SH;
				INFOPLIST_FILE = hello/Info.plist;
				LD_RUNPATH_SEARCH_PATHS = "$(inherited) @executable_path/Frameworks";
				PRODUCT_BUNDLE_IDENTIFIER = com.leixiaoyuan.hello;
				PRODUCT_NAME = "$(TARGET_NAME)";
				SWIFT_VERSION = 4.0;
				TARGETED_DEVICE_FAMILY = "1,2";
			};
			name = Release;
		};
		C37EA68A203C49FA00993F13 /* Debug */ = {
			isa = XCBuildConfiguration;
			buildSettings = {
				ALWAYS_EMBED_SWIFT_STANDARD_LIBRARIES = YES;
				BUNDLE_LOADER = "$(TEST_HOST)";
				CODE_SIGN_STYLE = Automatic;
				INFOPLIST_FILE = helloTests/Info.plist;
				LD_RUNPATH_SEARCH_PATHS = "$(inherited) @executable_path/Frameworks @loader_path/Frameworks";
				PRODUCT_BUNDLE_IDENTIFIER = com.leixiaoyuan.hello.helloTests;
				PRODUCT_NAME = "$(TARGET_NAME)";
				SWIFT_VERSION = 4.0;
				TARGETED_DEVICE_FAMILY = "1,2";
				TEST_HOST = "$(BUILT_PRODUCTS_DIR)/hello.app/hello";
			};
			name = Debug;
		};
		C37EA68B203C49FA00993F13 /* Release */ = {
			isa = XCBuildConfiguration;
			buildSettings = {
				ALWAYS_EMBED_SWIFT_STANDARD_LIBRARIES = YES;
				BUNDLE_LOADER = "$(TEST_HOST)";
				CODE_SIGN_STYLE = Automatic;
				INFOPLIST_FILE = helloTests/Info.plist;
				LD_RUNPATH_SEARCH_PATHS = "$(inherited) @executable_path/Frameworks @loader_path/Frameworks";
				PRODUCT_BUNDLE_IDENTIFIER = com.leixiaoyuan.hello.helloTests;
				PRODUCT_NAME = "$(TARGET_NAME)";
				SWIFT_VERSION = 4.0;
				TARGETED_DEVICE_FAMILY = "1,2";
				TEST_HOST = "$(BUILT_PRODUCTS_DIR)/hello.app/hello";
			};
			name = Release;
		};
		C37EA68D203C49FA00993F13 /* Debug */ = {
			isa = XCBuildConfiguration;
			buildSettings = {
				ALWAYS_EMBED_SWIFT_STANDARD_LIBRARIES = YES;
				CODE_SIGN_STYLE = Automatic;
				INFOPLIST_FILE = helloUITests/Info.plist;
				LD_RUNPATH_SEARCH_PATHS = "$(inherited) @executable_path/Frameworks @loader_path/Frameworks";
				PRODUCT_BUNDLE_IDENTIFIER = com.leixiaoyuan.hello.helloUITests;
				PRODUCT_NAME = "$(TARGET_NAME)";
				SWIFT_VERSION = 4.0;
				TARGETED_DEVICE_FAMILY = "1,2";
				TEST_TARGET_NAME = hello;
			};
			name = Debug;
		};
		C37EA68E203C49FA00993F13 /* Release */ = {
			isa = XCBuildConfiguration;
			buildSettings = {
				ALWAYS_EMBED_SWIFT_STANDARD_LIBRARIES = YES;
				CODE_SIGN_STYLE = Automatic;
				INFOPLIST_FILE = helloUITests/Info.plist;
				LD_RUNPATH_SEARCH_PATHS = "$(inherited) @executable_path/Frameworks @loader_path/Frameworks";
				PRODUCT_BUNDLE_IDENTIFIER = com.leixiaoyuan.hello.helloUITests;
				PRODUCT_NAME = "$(TARGET_NAME)";
				SWIFT_VERSION = 4.0;
				TARGETED_DEVICE_FAMILY = "1,2";
				TEST_TARGET_NAME = hello;
			};
			name = Release;
		};
/* End XCBuildConfiguration section */

/* Begin XCConfigurationList section */
		C37EA659203C49F900993F13 /* Build configuration list for PBXProject "hello" */ = {
			isa = XCConfigurationList;
			buildConfigurations = (
				C37EA684203C49FA00993F13 /* Debug */,
				C37EA685203C49FA00993F13 /* Release */,
			);
			defaultConfigurationIsVisible = 0;
			defaultConfigurationName = Release;
		};
		C37EA686203C49FA00993F13 /* Build configuration list for PBXNativeTarget "hello" */ = {
			isa = XCConfigurationList;
			buildConfigurations = (
				C37EA687203C49FA00993F13 /* Debug */,
				C37EA688203C49FA00993F13 /* Release */,
			);
			defaultConfigurationIsVisible = 0;
			defaultConfigurationName = Release;
		};
		C37EA689203C49FA00993F13 /* Build configuration list for PBXNativeTarget "helloTests" */ = {
			isa = XCConfigurationList;
			buildConfigurations = (
				C37EA68A203C49FA00993F13 /* Debug */,
				C37EA68B203C49FA00993F13 /* Release */,
			);
			defaultConfigurationIsVisible = 0;
			defaultConfigurationName = Release;
		};
		C37EA68C203C49FA00993F13 /* Build configuration list for PBXNativeTarget "helloUITests" */ = {
			isa = XCConfigurationList;
			buildConfigurations = (
				C37EA68D203C49FA00993F13 /* Debug */,
				C37EA68E203C49FA00993F13 /* Release */,
			);
			defaultConfigurationIsVisible = 0;
			defaultConfigurationName = Release;
		};
/* End XCConfigurationList section */
	};
	rootObject = C37EA656203C49F900993F13 /* Project object */;
}
